Microsoft Visual Studio Solution File, Format Version 12.00
# Visual Studio Version 17
VisualStudioVersion = 17.5.2.0
MinimumVisualStudioVersion = 10.0.40219.1
Project("{FAE04EC0-301F-11D3-BF4B-00C04F79EFBC}") = "CtS2", "CtS2.csproj", "{919C2484-CD32-E995-7A31-EBFFB104B650}"
EndProject
Project("{2150E333-8FDC-42A3-9474-1A3956D46DE8}") = "Tests", "Tests", "{0AB3BF05-4346-4AA6-1389-037BE0695223}"
EndProject
Project("{FAE04EC0-301F-11D3-BF4B-00C04F79EFBC}") = "CtS2.Tests", "Tests\CtS2.Tests.csproj", "{0DB0C46C-3F28-EDC3-D7EC-FF2C919DE85E}"
EndProject
Global
	GlobalSection(SolutionConfigurationPlatforms) = preSolution
		Debug|Any CPU = Debug|Any CPU
		Release|Any CPU = Release|Any CPU
	EndGlobalSection
	GlobalSection(ProjectConfigurationPlatforms) = postSolution
		{919C2484-CD32-E995-7A31-EBFFB104B650}.Debug|Any CPU.ActiveCfg = Debug|Any CPU
		{919C2484-CD32-E995-7A31-EBFFB104B650}.Debug|Any CPU.Build.0 = Debug|Any CPU
		{919C2484-CD32-E995-7A31-EBFFB104B650}.Release|Any CPU.ActiveCfg = Release|Any CPU
		{919C2484-CD32-E995-7A31-EBFFB104B650}.Release|Any CPU.Build.0 = Release|Any CPU
		{0DB0C46C-3F28-EDC3-D7EC-FF2C919DE85E}.Debug|Any CPU.ActiveCfg = Debug|Any CPU
		{0DB0C46C-3F28-EDC3-D7EC-FF2C919DE85E}.Debug|Any CPU.Build.0 = Debug|Any CPU
		{0DB0C46C-3F28-EDC3-D7EC-FF2C919DE85E}.Release|Any CPU.ActiveCfg = Release|Any CPU
		{0DB0C46C-3F28-EDC3-D7EC-FF2C919DE85E}.Release|Any CPU.Build.0 = Release|Any CPU
	EndGlobalSection
	GlobalSection(SolutionProperties) = preSolution
		HideSolutionNode = FALSE
	EndGlobalSection
	GlobalSection(NestedProjects) = preSolution
		{0DB0C46C-3F28-EDC3-D7EC-FF2C919DE85E} = {0AB3BF05-4346-4AA6-1389-037BE0695223}
	EndGlobalSection
	GlobalSection(ExtensibilityGlobals) = postSolution
		SolutionGuid = {60333E58-C419-4806-A9B7-870EF6BD3404}
	EndGlobalSection
EndGlobal
